
Microsoft Visual Studio Solution File, Format Version 12.00
# Visual Studio Version 17
VisualStudioVersion = 17.7.34031.279
MinimumVisualStudioVersion = 10.0.40219.1
Project("{FAE04EC0-301F-11D3-BF4B-00C04F79EFBC}") = "ProtoSecTest", "ProtoSecTest.csproj", "{0D1E98D9-A43A-4FAA-B76A-E817FA6FB4C9}"
EndProject
Global
	GlobalSection(SolutionConfigurationPlatforms) = preSolution
		Debug|Any CPU = Debug|Any CPU
		Release|Any CPU = Release|Any CPU
	EndGlobalSection
	GlobalSection(ProjectConfigurationPlatforms) = postSolution
		{0D1E98D9-A43A-4FAA-B76A-E817FA6FB4C9}.Debug|Any CPU.ActiveCfg = Debug|Any CPU
		{0D1E98D9-A43A-4FAA-B76A-E817FA6FB4C9}.Debug|Any CPU.Build.0 = Debug|Any CPU
		{0D1E98D9-A43A-4FAA-B76A-E817FA6FB4C9}.Release|Any CPU.ActiveCfg = Release|Any CPU
		{0D1E98D9-A43A-4FAA-B76A-E817FA6FB4C9}.Release|Any CPU.Build.0 = Release|Any CPU
	EndGlobalSection
	GlobalSection(SolutionProperties) = preSolution
		HideSolutionNode = FALSE
	EndGlobalSection
	GlobalSection(ExtensibilityGlobals) = postSolution
		SolutionGuid = {847E1B36-820B-40EF-9BC0-180F020F03D6}
	EndGlobalSection
EndGlobal
